
Microsoft Visual Studio Solution File, Format Version 12.00
# Visual Studio Version 16
VisualStudioVersion = 16.0.30204.135
MinimumVisualStudioVersion = 10.0.40219.1
Project("{FAE04EC0-301F-11D3-BF4B-00C04F79EFBC}") = "ImageCropper", "ImageCropper\ImageCropper.csproj", "{AF208FDB-50A3-43F7-B8BF-3446F09560B6}"
EndProject
Global
	GlobalSection(SolutionConfigurationPlatforms) = preSolution
		Debug|Any CPU = Debug|Any CPU
		Release|Any CPU = Release|Any CPU
	EndGlobalSection
	GlobalSection(ProjectConfigurationPlatforms) = postSolution
		{AF208FDB-50A3-43F7-B8BF-3446F09560B6}.Debug|Any CPU.ActiveCfg = Debug|Any CPU
		{AF208FDB-50A3-43F7-B8BF-3446F09560B6}.Debug|Any CPU.Build.0 = Debug|Any CPU
		{AF208FDB-50A3-43F7-B8BF-3446F09560B6}.Release|Any CPU.ActiveCfg = Release|Any CPU
		{AF208FDB-50A3-43F7-B8BF-3446F09560B6}.Release|Any CPU.Build.0 = Release|Any CPU
	EndGlobalSection
	GlobalSection(SolutionProperties) = preSolution
		HideSolutionNode = FALSE
	EndGlobalSection
	GlobalSection(ExtensibilityGlobals) = postSolution
		SolutionGuid = {C11130A8-CA1C-4AB6-A072-D698A0408326}
	EndGlobalSection
EndGlobal
